
Microsoft Visual Studio Solution File, Format Version 12.00
# Visual Studio Version 16
VisualStudioVersion = 16.0.29306.81
MinimumVisualStudioVersion = 10.0.40219.1
Project("{9A19103F-16F7-4668-BE54-9A1E7A4F7556}") = "mc.data.infrastructure", "mc.data.infrastructure.csproj", "{543F8036-E5EC-4285-8D19-5302961869EC}"
EndProject
Global
	GlobalSection(SolutionConfigurationPlatforms) = preSolution
		Debug|Any CPU = Debug|Any CPU
		Release|Any CPU = Release|Any CPU
	EndGlobalSection
	GlobalSection(ProjectConfigurationPlatforms) = postSolution
		{543F8036-E5EC-4285-8D19-5302961869EC}.Debug|Any CPU.ActiveCfg = Debug|Any CPU
		{543F8036-E5EC-4285-8D19-5302961869EC}.Debug|Any CPU.Build.0 = Debug|Any CPU
		{543F8036-E5EC-4285-8D19-5302961869EC}.Release|Any CPU.ActiveCfg = Release|Any CPU
		{543F8036-E5EC-4285-8D19-5302961869EC}.Release|Any CPU.Build.0 = Release|Any CPU
	EndGlobalSection
	GlobalSection(SolutionProperties) = preSolution
		HideSolutionNode = FALSE
	EndGlobalSection
	GlobalSection(ExtensibilityGlobals) = postSolution
		SolutionGuid = {4324EE2F-9A0B-4567-A9DA-329500501F3D}
	EndGlobalSection
EndGlobal
